// !$*UTF8*$!
{
	archiveVersion = 1;
	classes = {
	};
	objectVersion = 46;
	objects = {

/* Begin PBXBuildFile section */
		8ECC539489350285823CE339 /* Pods_Depressed_Tests.framework in Frameworks */ = {isa = PBXBuildFile; fileRef = 877F262B8FC61E2606A1CE9E /* Pods_Depressed_Tests.framework */; };
		BEC7B9F7B815DD16B0851742 /* Pods_Depressed_.framework in Frameworks */ = {isa = PBXBuildFile; fileRef = CC563640334882D7BF351E8E /* Pods_Depressed_.framework */; };
		CA3269EF1C65319000AE4E14 /* FindingHelpViewModel.swift in Sources */ = {isa = PBXBuildFile; fileRef = CA3269EE1C65319000AE4E14 /* FindingHelpViewModel.swift */; };
		CA3269F11C65407D00AE4E14 /* FindingHelpInformationSpec.swift in Sources */ = {isa = PBXBuildFile; fileRef = CA3269F01C65407D00AE4E14 /* FindingHelpInformationSpec.swift */; };
		CA3269F41C654CBE00AE4E14 /* FindingHelpViewModelSpec.swift in Sources */ = {isa = PBXBuildFile; fileRef = CA3269F31C654CBE00AE4E14 /* FindingHelpViewModelSpec.swift */; };
		CA4423E91BF3F15400606895 /* InfoPlist.strings in Resources */ = {isa = PBXBuildFile; fileRef = CA4423EB1BF3F15400606895 /* InfoPlist.strings */; };
		CA4423EE1BF3F15500606895 /* InfoPlist.strings in Resources */ = {isa = PBXBuildFile; fileRef = CA4423F01BF3F15500606895 /* InfoPlist.strings */; };
		CA4423F31BF3F15600606895 /* Localizable.strings in Resources */ = {isa = PBXBuildFile; fileRef = CA4423F51BF3F15600606895 /* Localizable.strings */; };
		CA4F98E81C4ECA9D004E070A /* FindingHelpInformation.swift in Sources */ = {isa = PBXBuildFile; fileRef = CA4F98E71C4ECA9D004E070A /* FindingHelpInformation.swift */; };
		CA6581011BEBC93600DA66E2 /* EvaluationSpec.swift in Sources */ = {isa = PBXBuildFile; fileRef = CA6581001BEBC93600DA66E2 /* EvaluationSpec.swift */; };
		CA6581031BEBCF7C00DA66E2 /* QuestionIdentifierSpec.swift in Sources */ = {isa = PBXBuildFile; fileRef = CA6581021BEBCF7C00DA66E2 /* QuestionIdentifierSpec.swift */; };
		CA6600421BEC09EF00042495 /* EvaluationViewController.swift in Sources */ = {isa = PBXBuildFile; fileRef = CA6600411BEC09EF00042495 /* EvaluationViewController.swift */; };
		CA6600441BED058C00042495 /* InfoViewController.swift in Sources */ = {isa = PBXBuildFile; fileRef = CA6600431BED058C00042495 /* InfoViewController.swift */; };
		CA6600461BED244600042495 /* EvaluationViewModel.swift in Sources */ = {isa = PBXBuildFile; fileRef = CA6600451BED244600042495 /* EvaluationViewModel.swift */; };
		CA6600491BED454A00042495 /* EvaluationViewModelSpec.swift in Sources */ = {isa = PBXBuildFile; fileRef = CA6600481BED454A00042495 /* EvaluationViewModelSpec.swift */; };
		CA66004C1BED490200042495 /* MutableEvaluation.swift in Sources */ = {isa = PBXBuildFile; fileRef = CA66004B1BED490200042495 /* MutableEvaluation.swift */; };
		CA6EACC61C29D0CC00841E5F /* Answer.swift in Sources */ = {isa = PBXBuildFile; fileRef = CA6EACC51C29D0CC00841E5F /* Answer.swift */; };
		CA855A3E1C283C7D00C9376E /* EvaluationDetailsViewController.swift in Sources */ = {isa = PBXBuildFile; fileRef = CA855A3D1C283C7D00C9376E /* EvaluationDetailsViewController.swift */; };
		CA855A401C284E7300C9376E /* ExplanationCell.swift in Sources */ = {isa = PBXBuildFile; fileRef = CA855A3F1C284E7300C9376E /* ExplanationCell.swift */; };
		CA855A421C284E8C00C9376E /* ScoreCell.swift in Sources */ = {isa = PBXBuildFile; fileRef = CA855A411C284E8C00C9376E /* ScoreCell.swift */; };
		CA86836F1BE004A9003E87A4 /* AppDelegate.swift in Sources */ = {isa = PBXBuildFile; fileRef = CA86836E1BE004A9003E87A4 /* AppDelegate.swift */; };
		CA8683711BE004A9003E87A4 /* StartViewController.swift in Sources */ = {isa = PBXBuildFile; fileRef = CA8683701BE004A9003E87A4 /* StartViewController.swift */; };
		CA8683741BE004A9003E87A4 /* Main.storyboard in Resources */ = {isa = PBXBuildFile; fileRef = CA8683721BE004A9003E87A4 /* Main.storyboard */; };
		CA8683761BE004A9003E87A4 /* Assets.xcassets in Resources */ = {isa = PBXBuildFile; fileRef = CA8683751BE004A9003E87A4 /* Assets.xcassets */; };
		CA8683791BE004A9003E87A4 /* LaunchScreen.storyboard in Resources */ = {isa = PBXBuildFile; fileRef = CA8683771BE004A9003E87A4 /* LaunchScreen.storyboard */; };
		CA86838F1BE00981003E87A4 /* SelfTestTask.swift in Sources */ = {isa = PBXBuildFile; fileRef = CA86838E1BE00981003E87A4 /* SelfTestTask.swift */; };
		CA8683911BE010B8003E87A4 /* ORKTextChoiceExtensions.swift in Sources */ = {isa = PBXBuildFile; fileRef = CA8683901BE010B8003E87A4 /* ORKTextChoiceExtensions.swift */; };
		CA8683931BE012D0003E87A4 /* ORKTextChoiceAnswerFormatExtensions.swift in Sources */ = {isa = PBXBuildFile; fileRef = CA8683921BE012D0003E87A4 /* ORKTextChoiceAnswerFormatExtensions.swift */; };
		CA8683951BE1646B003E87A4 /* Evaluation.swift in Sources */ = {isa = PBXBuildFile; fileRef = CA8683941BE1646B003E87A4 /* Evaluation.swift */; };
		CA8683971BE16D0B003E87A4 /* QuestionIdentifier.swift in Sources */ = {isa = PBXBuildFile; fileRef = CA8683961BE16D0B003E87A4 /* QuestionIdentifier.swift */; };
		CAAB26D51C3C711A00A7B943 /* InfoViewModel.swift in Sources */ = {isa = PBXBuildFile; fileRef = CAAB26D41C3C711A00A7B943 /* InfoViewModel.swift */; };
		CAAB26D71C3C727700A7B943 /* InfoViewModelSpec.swift in Sources */ = {isa = PBXBuildFile; fileRef = CAAB26D61C3C727700A7B943 /* InfoViewModelSpec.swift */; };
		CAEE7DC21C07499000DDAA5E /* Depressed_UITests.swift in Sources */ = {isa = PBXBuildFile; fileRef = CAEE7DC11C07499000DDAA5E /* Depressed_UITests.swift */; };
		CAEE7DCA1C074AA300DDAA5E /* SnapshotHelper.swift in Sources */ = {isa = PBXBuildFile; fileRef = CAEE7DC91C074AA300DDAA5E /* SnapshotHelper.swift */; };
		CAF8A5591C29E44400E30E90 /* AnswerSpec.swift in Sources */ = {isa = PBXBuildFile; fileRef = CAF8A5581C29E44400E30E90 /* AnswerSpec.swift */; };
		CAF8A55B1C29EB4800E30E90 /* Question.swift in Sources */ = {isa = PBXBuildFile; fileRef = CAF8A55A1C29EB4800E30E90 /* Question.swift */; };
		CAF8A55D1C29F0E600E30E90 /* QuestionSpec.swift in Sources */ = {isa = PBXBuildFile; fileRef = CAF8A55C1C29F0E600E30E90 /* QuestionSpec.swift */; };
		CAF8A5611C2A023200E30E90 /* AnswerCell.swift in Sources */ = {isa = PBXBuildFile; fileRef = CAF8A5601C2A023200E30E90 /* AnswerCell.swift */; };
/* End PBXBuildFile section */

/* Begin PBXContainerItemProxy section */
		CA8683801BE004A9003E87A4 /* PBXContainerItemProxy */ = {
			isa = PBXContainerItemProxy;
			containerPortal = CA8683631BE004A8003E87A4 /* Project object */;
			proxyType = 1;
			remoteGlobalIDString = CA86836A1BE004A9003E87A4;
			remoteInfo = "Depressed?";
		};
		CAEE7DC41C07499000DDAA5E /* PBXContainerItemProxy */ = {
			isa = PBXContainerItemProxy;
			containerPortal = CA8683631BE004A8003E87A4 /* Project object */;
			proxyType = 1;
			remoteGlobalIDString = CA86836A1BE004A9003E87A4;
			remoteInfo = "Depressed?";
		};
/* End PBXContainerItemProxy section */

/* Begin PBXFileReference section */
		4187A7979C812DB0D85D3B0C /* Pods-Depressed?.debug.xcconfig */ = {isa = PBXFileReference; includeInIndex = 1; lastKnownFileType = text.xcconfig; name = "Pods-Depressed?.debug.xcconfig"; path = "Pods/Target Support Files/Pods-Depressed?/Pods-Depressed?.debug.xcconfig"; sourceTree = "<group>"; };
		5E4B495E381A8720D960C166 /* Pods-Depressed?.release.xcconfig */ = {isa = PBXFileReference; includeInIndex = 1; lastKnownFileType = text.xcconfig; name = "Pods-Depressed?.release.xcconfig"; path = "Pods/Target Support Files/Pods-Depressed?/Pods-Depressed?.release.xcconfig"; sourceTree = "<group>"; };
		877F262B8FC61E2606A1CE9E /* Pods_Depressed_Tests.framework */ = {isa = PBXFileReference; explicitFileType = wrapper.framework; includeInIndex = 0; path = Pods_Depressed_Tests.framework; sourceTree = BUILT_PRODUCTS_DIR; };
		B98663B74B0061A52A046C3E /* Pods-Depressed?Tests.debug.xcconfig */ = {isa = PBXFileReference; includeInIndex = 1; lastKnownFileType = text.xcconfig; name = "Pods-Depressed?Tests.debug.xcconfig"; path = "Pods/Target Support Files/Pods-Depressed?Tests/Pods-Depressed?Tests.debug.xcconfig"; sourceTree = "<group>"; };
		BAE19AE988BA9994D72B4F2E /* Pods-Depressed?Tests.release.xcconfig */ = {isa = PBXFileReference; includeInIndex = 1; lastKnownFileType = text.xcconfig; name = "Pods-Depressed?Tests.release.xcconfig"; path = "Pods/Target Support Files/Pods-Depressed?Tests/Pods-Depressed?Tests.release.xcconfig"; sourceTree = "<group>"; };
		CA3269EE1C65319000AE4E14 /* FindingHelpViewModel.swift */ = {isa = PBXFileReference; fileEncoding = 4; lastKnownFileType = sourcecode.swift; path = FindingHelpViewModel.swift; sourceTree = "<group>"; };
		CA3269F01C65407D00AE4E14 /* FindingHelpInformationSpec.swift */ = {isa = PBXFileReference; fileEncoding = 4; lastKnownFileType = sourcecode.swift; path = FindingHelpInformationSpec.swift; sourceTree = "<group>"; };
		CA3269F31C654CBE00AE4E14 /* FindingHelpViewModelSpec.swift */ = {isa = PBXFileReference; fileEncoding = 4; lastKnownFileType = sourcecode.swift; path = FindingHelpViewModelSpec.swift; sourceTree = "<group>"; };
		CA4423EA1BF3F15400606895 /* en */ = {isa = PBXFileReference; lastKnownFileType = text.plist.strings; name = en; path = en.lproj/InfoPlist.strings; sourceTree = "<group>"; };
		CA4423EF1BF3F15500606895 /* en */ = {isa = PBXFileReference; lastKnownFileType = text.plist.strings; name = en; path = en.lproj/InfoPlist.strings; sourceTree = "<group>"; };
		CA4423F61BF3F15600606895 /* en */ = {isa = PBXFileReference; lastKnownFileType = text.plist.strings; name = en; path = en.lproj/LaunchScreen.storyboard; sourceTree = "<group>"; };
		CA4423F81BF3F22F00606895 /* Base */ = {isa = PBXFileReference; lastKnownFileType = text.plist.strings; name = Base; path = Base.lproj/Localizable.strings; sourceTree = "<group>"; };
		CA4423FA1BF3F2B500606895 /* en */ = {isa = PBXFileReference; lastKnownFileType = text.plist.strings; name = en; path = en.lproj/Main.storyboard; sourceTree = "<group>"; };
		CA4423FB1BF3F2C400606895 /* en */ = {isa = PBXFileReference; lastKnownFileType = text.plist.strings; name = en; path = en.lproj/Localizable.strings; sourceTree = "<group>"; };
		CA4423FC1BF3F33F00606895 /* de */ = {isa = PBXFileReference; lastKnownFileType = text.plist.strings; name = de; path = de.lproj/Main.storyboard; sourceTree = "<group>"; };
		CA4423FD1BF3F33F00606895 /* de */ = {isa = PBXFileReference; lastKnownFileType = text.plist.strings; name = de; path = de.lproj/Localizable.strings; sourceTree = "<group>"; };
		CA4423FE1BF3F33F00606895 /* de */ = {isa = PBXFileReference; lastKnownFileType = text.plist.strings; name = de; path = de.lproj/InfoPlist.strings; sourceTree = "<group>"; };
		CA4F98E71C4ECA9D004E070A /* FindingHelpInformation.swift */ = {isa = PBXFileReference; fileEncoding = 4; lastKnownFileType = sourcecode.swift; path = FindingHelpInformation.swift; sourceTree = "<group>"; };
		CA6580FF1BEBC93600DA66E2 /* Depressed?Tests-Bridging-Header.h */ = {isa = PBXFileReference; lastKnownFileType = sourcecode.c.h; path = "Depressed?Tests-Bridging-Header.h"; sourceTree = "<group>"; };
		CA6581001BEBC93600DA66E2 /* EvaluationSpec.swift */ = {isa = PBXFileReference; fileEncoding = 4; lastKnownFileType = sourcecode.swift; path = EvaluationSpec.swift; sourceTree = "<group>"; };
		CA6581021BEBCF7C00DA66E2 /* QuestionIdentifierSpec.swift */ = {isa = PBXFileReference; fileEncoding = 4; lastKnownFileType = sourcecode.swift; path = QuestionIdentifierSpec.swift; sourceTree = "<group>"; };
		CA6600411BEC09EF00042495 /* EvaluationViewController.swift */ = {isa = PBXFileReference; fileEncoding = 4; lastKnownFileType = sourcecode.swift; path = EvaluationViewController.swift; sourceTree = "<group>"; };
		CA6600431BED058C00042495 /* InfoViewController.swift */ = {isa = PBXFileReference; fileEncoding = 4; lastKnownFileType = sourcecode.swift; path = InfoViewController.swift; sourceTree = "<group>"; };
		CA6600451BED244600042495 /* EvaluationViewModel.swift */ = {isa = PBXFileReference; fileEncoding = 4; lastKnownFileType = sourcecode.swift; path = EvaluationViewModel.swift; sourceTree = "<group>"; };
		CA6600481BED454A00042495 /* EvaluationViewModelSpec.swift */ = {isa = PBXFileReference; fileEncoding = 4; lastKnownFileType = sourcecode.swift; path = EvaluationViewModelSpec.swift; sourceTree = "<group>"; };
		CA66004B1BED490200042495 /* MutableEvaluation.swift */ = {isa = PBXFileReference; fileEncoding = 4; lastKnownFileType = sourcecode.swift; path = MutableEvaluation.swift; sourceTree = "<group>"; };
		CA6EACC51C29D0CC00841E5F /* Answer.swift */ = {isa = PBXFileReference; fileEncoding = 4; lastKnownFileType = sourcecode.swift; path = Answer.swift; sourceTree = "<group>"; };
		CA855A3D1C283C7D00C9376E /* EvaluationDetailsViewController.swift */ = {isa = PBXFileReference; fileEncoding = 4; lastKnownFileType = sourcecode.swift; path = EvaluationDetailsViewController.swift; sourceTree = "<group>"; };
		CA855A3F1C284E7300C9376E /* ExplanationCell.swift */ = {isa = PBXFileReference; fileEncoding = 4; lastKnownFileType = sourcecode.swift; path = ExplanationCell.swift; sourceTree = "<group>"; };
		CA855A411C284E8C00C9376E /* ScoreCell.swift */ = {isa = PBXFileReference; fileEncoding = 4; lastKnownFileType = sourcecode.swift; path = ScoreCell.swift; sourceTree = "<group>"; };
		CA86836B1BE004A9003E87A4 /* Depressed.app */ = {isa = PBXFileReference; explicitFileType = wrapper.application; includeInIndex = 0; path = Depressed.app; sourceTree = BUILT_PRODUCTS_DIR; };
		CA86836E1BE004A9003E87A4 /* AppDelegate.swift */ = {isa = PBXFileReference; lastKnownFileType = sourcecode.swift; path = AppDelegate.swift; sourceTree = "<group>"; };
		CA8683701BE004A9003E87A4 /* StartViewController.swift */ = {isa = PBXFileReference; lastKnownFileType = sourcecode.swift; path = StartViewController.swift; sourceTree = "<group>"; };
		CA8683731BE004A9003E87A4 /* Base */ = {isa = PBXFileReference; lastKnownFileType = file.storyboard; name = Base; path = Base.lproj/Main.storyboard; sourceTree = "<group>"; };
		CA8683751BE004A9003E87A4 /* Assets.xcassets */ = {isa = PBXFileReference; lastKnownFileType = folder.assetcatalog; path = Assets.xcassets; sourceTree = "<group>"; };
		CA8683781BE004A9003E87A4 /* Base */ = {isa = PBXFileReference; lastKnownFileType = file.storyboard; name = Base; path = Base.lproj/LaunchScreen.storyboard; sourceTree = "<group>"; };
		CA86837A1BE004A9003E87A4 /* Info.plist */ = {isa = PBXFileReference; lastKnownFileType = text.plist.xml; path = Info.plist; sourceTree = "<group>"; };
		CA86837F1BE004A9003E87A4 /* Depressed?Tests.xctest */ = {isa = PBXFileReference; explicitFileType = wrapper.cfbundle; includeInIndex = 0; path = "Depressed?Tests.xctest"; sourceTree = BUILT_PRODUCTS_DIR; };
		CA8683851BE004A9003E87A4 /* Info.plist */ = {isa = PBXFileReference; lastKnownFileType = text.plist.xml; path = Info.plist; sourceTree = "<group>"; };
		CA86838E1BE00981003E87A4 /* SelfTestTask.swift */ = {isa = PBXFileReference; fileEncoding = 4; lastKnownFileType = sourcecode.swift; path = SelfTestTask.swift; sourceTree = "<group>"; };
		CA8683901BE010B8003E87A4 /* ORKTextChoiceExtensions.swift */ = {isa = PBXFileReference; fileEncoding = 4; lastKnownFileType = sourcecode.swift; path = ORKTextChoiceExtensions.swift; sourceTree = "<group>"; };
		CA8683921BE012D0003E87A4 /* ORKTextChoiceAnswerFormatExtensions.swift */ = {isa = PBXFileReference; fileEncoding = 4; lastKnownFileType = sourcecode.swift; path = ORKTextChoiceAnswerFormatExtensions.swift; sourceTree = "<group>"; };
		CA8683941BE1646B003E87A4 /* Evaluation.swift */ = {isa = PBXFileReference; fileEncoding = 4; lastKnownFileType = sourcecode.swift; path = Evaluation.swift; sourceTree = "<group>"; };
		CA8683961BE16D0B003E87A4 /* QuestionIdentifier.swift */ = {isa = PBXFileReference; fileEncoding = 4; lastKnownFileType = sourcecode.swift; path = QuestionIdentifier.swift; sourceTree = "<group>"; };
		CAAB26D41C3C711A00A7B943 /* InfoViewModel.swift */ = {isa = PBXFileReference; fileEncoding = 4; lastKnownFileType = sourcecode.swift; path = InfoViewModel.swift; sourceTree = "<group>"; };
		CAAB26D61C3C727700A7B943 /* InfoViewModelSpec.swift */ = {isa = PBXFileReference; fileEncoding = 4; lastKnownFileType = sourcecode.swift; path = InfoViewModelSpec.swift; sourceTree = "<group>"; };
		CAEE7DBF1C07499000DDAA5E /* Depressed?UITests.xctest */ = {isa = PBXFileReference; explicitFileType = wrapper.cfbundle; includeInIndex = 0; path = "Depressed?UITests.xctest"; sourceTree = BUILT_PRODUCTS_DIR; };
		CAEE7DC11C07499000DDAA5E /* Depressed_UITests.swift */ = {isa = PBXFileReference; lastKnownFileType = sourcecode.swift; path = Depressed_UITests.swift; sourceTree = "<group>"; };
		CAEE7DC31C07499000DDAA5E /* Info.plist */ = {isa = PBXFileReference; lastKnownFileType = text.plist.xml; path = Info.plist; sourceTree = "<group>"; };
		CAEE7DC91C074AA300DDAA5E /* SnapshotHelper.swift */ = {isa = PBXFileReference; fileEncoding = 4; lastKnownFileType = sourcecode.swift; path = SnapshotHelper.swift; sourceTree = "<group>"; };
		CAF8A5581C29E44400E30E90 /* AnswerSpec.swift */ = {isa = PBXFileReference; fileEncoding = 4; lastKnownFileType = sourcecode.swift; path = AnswerSpec.swift; sourceTree = "<group>"; };
		CAF8A55A1C29EB4800E30E90 /* Question.swift */ = {isa = PBXFileReference; fileEncoding = 4; lastKnownFileType = sourcecode.swift; path = Question.swift; sourceTree = "<group>"; };
		CAF8A55C1C29F0E600E30E90 /* QuestionSpec.swift */ = {isa = PBXFileReference; fileEncoding = 4; lastKnownFileType = sourcecode.swift; path = QuestionSpec.swift; sourceTree = "<group>"; };
		CAF8A5601C2A023200E30E90 /* AnswerCell.swift */ = {isa = PBXFileReference; fileEncoding = 4; lastKnownFileType = sourcecode.swift; path = AnswerCell.swift; sourceTree = "<group>"; };
		CC563640334882D7BF351E8E /* Pods_Depressed_.framework */ = {isa = PBXFileReference; explicitFileType = wrapper.framework; includeInIndex = 0; path = Pods_Depressed_.framework; sourceTree = BUILT_PRODUCTS_DIR; };
/* End PBXFileReference section */

/* Begin PBXFrameworksBuildPhase section */
		CA8683681BE004A9003E87A4 /* Frameworks */ = {
			isa = PBXFrameworksBuildPhase;
			buildActionMask = 2147483647;
			files = (
				BEC7B9F7B815DD16B0851742 /* Pods_Depressed_.framework in Frameworks */,
			);
			runOnlyForDeploymentPostprocessing = 0;
		};
		CA86837C1BE004A9003E87A4 /* Frameworks */ = {
			isa = PBXFrameworksBuildPhase;
			buildActionMask = 2147483647;
			files = (
				8ECC539489350285823CE339 /* Pods_Depressed_Tests.framework in Frameworks */,
			);
			runOnlyForDeploymentPostprocessing = 0;
		};
		CAEE7DBC1C07499000DDAA5E /* Frameworks */ = {
			isa = PBXFrameworksBuildPhase;
			buildActionMask = 2147483647;
			files = (
			);
			runOnlyForDeploymentPostprocessing = 0;
		};
/* End PBXFrameworksBuildPhase section */

/* Begin PBXGroup section */
		107D929CEF42C488B204F4D9 /* Pods */ = {
			isa = PBXGroup;
			children = (
				4187A7979C812DB0D85D3B0C /* Pods-Depressed?.debug.xcconfig */,
				5E4B495E381A8720D960C166 /* Pods-Depressed?.release.xcconfig */,
				B98663B74B0061A52A046C3E /* Pods-Depressed?Tests.debug.xcconfig */,
				BAE19AE988BA9994D72B4F2E /* Pods-Depressed?Tests.release.xcconfig */,
			);
			name = Pods;
			sourceTree = "<group>";
		};
		839CE90D369144C336130D3C /* Frameworks */ = {
			isa = PBXGroup;
			children = (
				CC563640334882D7BF351E8E /* Pods_Depressed_.framework */,
				877F262B8FC61E2606A1CE9E /* Pods_Depressed_Tests.framework */,
			);
			name = Frameworks;
			sourceTree = "<group>";
		};
		CA3269F21C654B2900AE4E14 /* Supporting Files */ = {
			isa = PBXGroup;
			children = (
				CA6580FF1BEBC93600DA66E2 /* Depressed?Tests-Bridging-Header.h */,
				CA8683851BE004A9003E87A4 /* Info.plist */,
				CA4423F01BF3F15500606895 /* InfoPlist.strings */,
			);
			path = "Supporting Files";
			sourceTree = "<group>";
		};
		CA4423F71BF3F18000606895 /* Supporting Files */ = {
			isa = PBXGroup;
			children = (
				CA86837A1BE004A9003E87A4 /* Info.plist */,
				CA4423EB1BF3F15400606895 /* InfoPlist.strings */,
				CA4423F51BF3F15600606895 /* Localizable.strings */,
			);
			path = "Supporting Files";
			sourceTree = "<group>";
		};
		CA66003E1BEC010500042495 /* Model */ = {
			isa = PBXGroup;
			children = (
				CA6EACC51C29D0CC00841E5F /* Answer.swift */,
				CA8683941BE1646B003E87A4 /* Evaluation.swift */,
				CA4F98E71C4ECA9D004E070A /* FindingHelpInformation.swift */,
				CA8683921BE012D0003E87A4 /* ORKTextChoiceAnswerFormatExtensions.swift */,
				CA8683901BE010B8003E87A4 /* ORKTextChoiceExtensions.swift */,
				CAF8A55A1C29EB4800E30E90 /* Question.swift */,
				CA8683961BE16D0B003E87A4 /* QuestionIdentifier.swift */,
				CA86838E1BE00981003E87A4 /* SelfTestTask.swift */,
			);
			path = Model;
			sourceTree = "<group>";
		};
		CA66003F1BEC012100042495 /* View */ = {
			isa = PBXGroup;
			children = (
				CAF8A5601C2A023200E30E90 /* AnswerCell.swift */,
				CA8683751BE004A9003E87A4 /* Assets.xcassets */,
				CA855A3D1C283C7D00C9376E /* EvaluationDetailsViewController.swift */,
				CA6600411BEC09EF00042495 /* EvaluationViewController.swift */,
				CA855A3F1C284E7300C9376E /* ExplanationCell.swift */,
				CA6600431BED058C00042495 /* InfoViewController.swift */,
				CA8683771BE004A9003E87A4 /* LaunchScreen.storyboard */,
				CA8683721BE004A9003E87A4 /* Main.storyboard */,
				CA855A411C284E8C00C9376E /* ScoreCell.swift */,
				CA8683701BE004A9003E87A4 /* StartViewController.swift */,
			);
			path = View;
			sourceTree = "<group>";
		};
		CA6600401BEC014200042495 /* Model */ = {
			isa = PBXGroup;
			children = (
				CAF8A5581C29E44400E30E90 /* AnswerSpec.swift */,
				CA6581001BEBC93600DA66E2 /* EvaluationSpec.swift */,
				CA3269F01C65407D00AE4E14 /* FindingHelpInformationSpec.swift */,
				CA66004B1BED490200042495 /* MutableEvaluation.swift */,
				CA6581021BEBCF7C00DA66E2 /* QuestionIdentifierSpec.swift */,
				CAF8A55C1C29F0E600E30E90 /* QuestionSpec.swift */,
			);
			path = Model;
			sourceTree = "<group>";
		};
		CA6600471BED244C00042495 /* ViewModel */ = {
			isa = PBXGroup;
			children = (
				CA6600451BED244600042495 /* EvaluationViewModel.swift */,
				CA3269EE1C65319000AE4E14 /* FindingHelpViewModel.swift */,
				CAAB26D41C3C711A00A7B943 /* InfoViewModel.swift */,
			);
			path = ViewModel;
			sourceTree = "<group>";
		};
		CA66004A1BED454E00042495 /* ViewModel */ = {
			isa = PBXGroup;
			children = (
				CA6600481BED454A00042495 /* EvaluationViewModelSpec.swift */,
				CAAB26D61C3C727700A7B943 /* InfoViewModelSpec.swift */,
				CA3269F31C654CBE00AE4E14 /* FindingHelpViewModelSpec.swift */,
			);
			path = ViewModel;
			sourceTree = "<group>";
		};
		CA8683621BE004A8003E87A4 = {
			isa = PBXGroup;
			children = (
				CA86836D1BE004A9003E87A4 /* Depressed? */,
				CA8683821BE004A9003E87A4 /* Depressed?Tests */,
				CAEE7DC01C07499000DDAA5E /* Depressed?UITests */,
				839CE90D369144C336130D3C /* Frameworks */,
				107D929CEF42C488B204F4D9 /* Pods */,
				CA86836C1BE004A9003E87A4 /* Products */,
			);
			sourceTree = "<group>";
		};
		CA86836C1BE004A9003E87A4 /* Products */ = {
			isa = PBXGroup;
			children = (
				CA86836B1BE004A9003E87A4 /* Depressed.app */,
				CA86837F1BE004A9003E87A4 /* Depressed?Tests.xctest */,
				CAEE7DBF1C07499000DDAA5E /* Depressed?UITests.xctest */,
			);
			name = Products;
			sourceTree = "<group>";
		};
		CA86836D1BE004A9003E87A4 /* Depressed? */ = {
			isa = PBXGroup;
			children = (
				CA86836E1BE004A9003E87A4 /* AppDelegate.swift */,
				CA66003E1BEC010500042495 /* Model */,
				CA4423F71BF3F18000606895 /* Supporting Files */,
				CA66003F1BEC012100042495 /* View */,
				CA6600471BED244C00042495 /* ViewModel */,
			);
			path = "Depressed?";
			sourceTree = "<group>";
		};
		CA8683821BE004A9003E87A4 /* Depressed?Tests */ = {
			isa = PBXGroup;
			children = (
				CA6600401BEC014200042495 /* Model */,
				CA3269F21C654B2900AE4E14 /* Supporting Files */,
				CA66004A1BED454E00042495 /* ViewModel */,
			);
			path = "Depressed?Tests";
			sourceTree = "<group>";
		};
		CAEE7DC01C07499000DDAA5E /* Depressed?UITests */ = {
			isa = PBXGroup;
			children = (
				CAEE7DC11C07499000DDAA5E /* Depressed_UITests.swift */,
				CAEE7DC31C07499000DDAA5E /* Info.plist */,
				CAEE7DC91C074AA300DDAA5E /* SnapshotHelper.swift */,
			);
			path = "Depressed?UITests";
			sourceTree = "<group>";
		};
/* End PBXGroup section */

/* Begin PBXNativeTarget section */
		CA86836A1BE004A9003E87A4 /* Depressed? */ = {
			isa = PBXNativeTarget;
			buildConfigurationList = CA8683881BE004A9003E87A4 /* Build configuration list for PBXNativeTarget "Depressed?" */;
			buildPhases = (
				7813D9673B30DC75691B4020 /* Check Pods Manifest.lock */,
				CA8683671BE004A9003E87A4 /* Sources */,
				CA8683681BE004A9003E87A4 /* Frameworks */,
				CA8683691BE004A9003E87A4 /* Resources */,
				5491250F240E7D7E884FC16F /* Copy Pods Resources */,
				BBA02CC847F5C8EB3519C522 /* Embed Pods Frameworks */,
			);
			buildRules = (
			);
			dependencies = (
			);
			name = "Depressed?";
			productName = "Depressed?";
			productReference = CA86836B1BE004A9003E87A4 /* Depressed.app */;
			productType = "com.apple.product-type.application";
		};
		CA86837E1BE004A9003E87A4 /* Depressed?Tests */ = {
			isa = PBXNativeTarget;
			buildConfigurationList = CA86838B1BE004A9003E87A4 /* Build configuration list for PBXNativeTarget "Depressed?Tests" */;
			buildPhases = (
				52C73AD02FFDA9FAB396E1F2 /* Check Pods Manifest.lock */,
				CA86837B1BE004A9003E87A4 /* Sources */,
				CA86837C1BE004A9003E87A4 /* Frameworks */,
				CA86837D1BE004A9003E87A4 /* Resources */,
				E7795130FC93BD004DC10B4A /* Embed Pods Frameworks */,
				AD95BFCA3982E05C547DD84C /* Copy Pods Resources */,
			);
			buildRules = (
			);
			dependencies = (
				CA8683811BE004A9003E87A4 /* PBXTargetDependency */,
			);
			name = "Depressed?Tests";
			productName = "Depressed?Tests";
			productReference = CA86837F1BE004A9003E87A4 /* Depressed?Tests.xctest */;
			productType = "com.apple.product-type.bundle.unit-test";
		};
		CAEE7DBE1C07499000DDAA5E /* Depressed?UITests */ = {
			isa = PBXNativeTarget;
			buildConfigurationList = CAEE7DC61C07499000DDAA5E /* Build configuration list for PBXNativeTarget "Depressed?UITests" */;
			buildPhases = (
				CAEE7DBB1C07499000DDAA5E /* Sources */,
				CAEE7DBC1C07499000DDAA5E /* Frameworks */,
				CAEE7DBD1C07499000DDAA5E /* Resources */,
			);
			buildRules = (
			);
			dependencies = (
				CAEE7DC51C07499000DDAA5E /* PBXTargetDependency */,
			);
			name = "Depressed?UITests";
			productName = "Depressed?UITests";
			productReference = CAEE7DBF1C07499000DDAA5E /* Depressed?UITests.xctest */;
			productType = "com.apple.product-type.bundle.ui-testing";
		};
/* End PBXNativeTarget section */

/* Begin PBXProject section */
		CA8683631BE004A8003E87A4 /* Project object */ = {
			isa = PBXProject;
			attributes = {
				LastSwiftUpdateCheck = 0710;
				LastUpgradeCheck = 0710;
				ORGANIZATIONNAME = "Christian Lobach";
				TargetAttributes = {
					CA86836A1BE004A9003E87A4 = {
						CreatedOnToolsVersion = 7.1;
					};
					CA86837E1BE004A9003E87A4 = {
						CreatedOnToolsVersion = 7.1;
						TestTargetID = CA86836A1BE004A9003E87A4;
					};
					CAEE7DBE1C07499000DDAA5E = {
						CreatedOnToolsVersion = 7.1.1;
						TestTargetID = CA86836A1BE004A9003E87A4;
					};
				};
			};
			buildConfigurationList = CA8683661BE004A8003E87A4 /* Build configuration list for PBXProject "Depressed?" */;
			compatibilityVersion = "Xcode 3.2";
			developmentRegion = English;
			hasScannedForEncodings = 0;
			knownRegions = (
				en,
				Base,
				de,
			);
			mainGroup = CA8683621BE004A8003E87A4;
			productRefGroup = CA86836C1BE004A9003E87A4 /* Products */;
			projectDirPath = "";
			projectRoot = "";
			targets = (
				CA86836A1BE004A9003E87A4 /* Depressed? */,
				CA86837E1BE004A9003E87A4 /* Depressed?Tests */,
				CAEE7DBE1C07499000DDAA5E /* Depressed?UITests */,
			);
		};
/* End PBXProject section */

/* Begin PBXResourcesBuildPhase section */
		CA8683691BE004A9003E87A4 /* Resources */ = {
			isa = PBXResourcesBuildPhase;
			buildActionMask = 2147483647;
			files = (
				CA4423F31BF3F15600606895 /* Localizable.strings in Resources */,
				CA8683791BE004A9003E87A4 /* LaunchScreen.storyboard in Resources */,
				CA4423E91BF3F15400606895 /* InfoPlist.strings in Resources */,
				CA8683761BE004A9003E87A4 /* Assets.xcassets in Resources */,
				CA8683741BE004A9003E87A4 /* Main.storyboard in Resources */,
			);
			runOnlyForDeploymentPostprocessing = 0;
		};
		CA86837D1BE004A9003E87A4 /* Resources */ = {
			isa = PBXResourcesBuildPhase;
			buildActionMask = 2147483647;
			files = (
				CA4423EE1BF3F15500606895 /* InfoPlist.strings in Resources */,
			);
			runOnlyForDeploymentPostprocessing = 0;
		};
		CAEE7DBD1C07499000DDAA5E /* Resources */ = {
			isa = PBXResourcesBuildPhase;
			buildActionMask = 2147483647;
			files = (
			);
			runOnlyForDeploymentPostprocessing = 0;
		};
/* End PBXResourcesBuildPhase section */

/* Begin PBXShellScriptBuildPhase section */
		52C73AD02FFDA9FAB396E1F2 /* Check Pods Manifest.lock */ = {
			isa = PBXShellScriptBuildPhase;
			buildActionMask = 2147483647;
			files = (
			);
			inputPaths = (
			);
			name = "Check Pods Manifest.lock";
			outputPaths = (
			);
			runOnlyForDeploymentPostprocessing = 0;
			shellPath = /bin/sh;
			shellScript = "diff \"${PODS_ROOT}/../Podfile.lock\" \"${PODS_ROOT}/Manifest.lock\" > /dev/null\nif [[ $? != 0 ]] ; then\n    cat << EOM\nerror: The sandbox is not in sync with the Podfile.lock. Run 'pod install' or update your CocoaPods installation.\nEOM\n    exit 1\nfi\n";
			showEnvVarsInLog = 0;
		};
		5491250F240E7D7E884FC16F /* Copy Pods Resources */ = {
			isa = PBXShellScriptBuildPhase;
			buildActionMask = 2147483647;
			files = (
			);
			inputPaths = (
			);
			name = "Copy Pods Resources";
			outputPaths = (
			);
			runOnlyForDeploymentPostprocessing = 0;
			shellPath = /bin/sh;
			shellScript = "\"${SRCROOT}/Pods/Target Support Files/Pods-Depressed?/Pods-Depressed?-resources.sh\"\n";
			showEnvVarsInLog = 0;
		};
		7813D9673B30DC75691B4020 /* Check Pods Manifest.lock */ = {
			isa = PBXShellScriptBuildPhase;
			buildActionMask = 2147483647;
			files = (
			);
			inputPaths = (
			);
			name = "Check Pods Manifest.lock";
			outputPaths = (
			);
			runOnlyForDeploymentPostprocessing = 0;
			shellPath = /bin/sh;
			shellScript = "diff \"${PODS_ROOT}/../Podfile.lock\" \"${PODS_ROOT}/Manifest.lock\" > /dev/null\nif [[ $? != 0 ]] ; then\n    cat << EOM\nerror: The sandbox is not in sync with the Podfile.lock. Run 'pod install' or update your CocoaPods installation.\nEOM\n    exit 1\nfi\n";
			showEnvVarsInLog = 0;
		};
		AD95BFCA3982E05C547DD84C /* Copy Pods Resources */ = {
			isa = PBXShellScriptBuildPhase;
			buildActionMask = 2147483647;
			files = (
			);
			inputPaths = (
			);
			name = "Copy Pods Resources";
			outputPaths = (
			);
			runOnlyForDeploymentPostprocessing = 0;
			shellPath = /bin/sh;
			shellScript = "\"${SRCROOT}/Pods/Target Support Files/Pods-Depressed?Tests/Pods-Depressed?Tests-resources.sh\"\n";
			showEnvVarsInLog = 0;
		};
		BBA02CC847F5C8EB3519C522 /* Embed Pods Frameworks */ = {
			isa = PBXShellScriptBuildPhase;
			buildActionMask = 2147483647;
			files = (
			);
			inputPaths = (
			);
			name = "Embed Pods Frameworks";
			outputPaths = (
			);
			runOnlyForDeploymentPostprocessing = 0;
			shellPath = /bin/sh;
			shellScript = "\"${SRCROOT}/Pods/Target Support Files/Pods-Depressed?/Pods-Depressed?-frameworks.sh\"\n";
			showEnvVarsInLog = 0;
		};
		E7795130FC93BD004DC10B4A /* Embed Pods Frameworks */ = {
			isa = PBXShellScriptBuildPhase;
			buildActionMask = 2147483647;
			files = (
			);
			inputPaths = (
			);
			name = "Embed Pods Frameworks";
			outputPaths = (
			);
			runOnlyForDeploymentPostprocessing = 0;
			shellPath = /bin/sh;
			shellScript = "\"${SRCROOT}/Pods/Target Support Files/Pods-Depressed?Tests/Pods-Depressed?Tests-frameworks.sh\"\n";
			showEnvVarsInLog = 0;
		};
/* End PBXShellScriptBuildPhase section */

/* Begin PBXSourcesBuildPhase section */
		CA8683671BE004A9003E87A4 /* Sources */ = {
			isa = PBXSourcesBuildPhase;
			buildActionMask = 2147483647;
			files = (
				CAF8A55B1C29EB4800E30E90 /* Question.swift in Sources */,
				CA8683911BE010B8003E87A4 /* ORKTextChoiceExtensions.swift in Sources */,
				CA8683971BE16D0B003E87A4 /* QuestionIdentifier.swift in Sources */,
				CA8683711BE004A9003E87A4 /* StartViewController.swift in Sources */,
				CA6EACC61C29D0CC00841E5F /* Answer.swift in Sources */,
				CA6600421BEC09EF00042495 /* EvaluationViewController.swift in Sources */,
				CA6600441BED058C00042495 /* InfoViewController.swift in Sources */,
				CA8683931BE012D0003E87A4 /* ORKTextChoiceAnswerFormatExtensions.swift in Sources */,
				CA855A421C284E8C00C9376E /* ScoreCell.swift in Sources */,
				CA6600461BED244600042495 /* EvaluationViewModel.swift in Sources */,
				CA8683951BE1646B003E87A4 /* Evaluation.swift in Sources */,
				CAAB26D51C3C711A00A7B943 /* InfoViewModel.swift in Sources */,
				CAF8A5611C2A023200E30E90 /* AnswerCell.swift in Sources */,
				CA855A3E1C283C7D00C9376E /* EvaluationDetailsViewController.swift in Sources */,
				CA3269EF1C65319000AE4E14 /* FindingHelpViewModel.swift in Sources */,
				CA86838F1BE00981003E87A4 /* SelfTestTask.swift in Sources */,
				CA86836F1BE004A9003E87A4 /* AppDelegate.swift in Sources */,
				CA4F98E81C4ECA9D004E070A /* FindingHelpInformation.swift in Sources */,
				CA855A401C284E7300C9376E /* ExplanationCell.swift in Sources */,
			);
			runOnlyForDeploymentPostprocessing = 0;
		};
		CA86837B1BE004A9003E87A4 /* Sources */ = {
			isa = PBXSourcesBuildPhase;
			buildActionMask = 2147483647;
			files = (
				CA3269F11C65407D00AE4E14 /* FindingHelpInformationSpec.swift in Sources */,
				CAF8A55D1C29F0E600E30E90 /* QuestionSpec.swift in Sources */,
				CA66004C1BED490200042495 /* MutableEvaluation.swift in Sources */,
				CAF8A5591C29E44400E30E90 /* AnswerSpec.swift in Sources */,
				CA3269F41C654CBE00AE4E14 /* FindingHelpViewModelSpec.swift in Sources */,
				CAAB26D71C3C727700A7B943 /* InfoViewModelSpec.swift in Sources */,
				CA6581011BEBC93600DA66E2 /* EvaluationSpec.swift in Sources */,
				CA6600491BED454A00042495 /* EvaluationViewModelSpec.swift in Sources */,
				CA6581031BEBCF7C00DA66E2 /* QuestionIdentifierSpec.swift in Sources */,
			);
			runOnlyForDeploymentPostprocessing = 0;
		};
		CAEE7DBB1C07499000DDAA5E /* Sources */ = {
			isa = PBXSourcesBuildPhase;
			buildActionMask = 2147483647;
			files = (
				CAEE7DC21C07499000DDAA5E /* Depressed_UITests.swift in Sources */,
				CAEE7DCA1C074AA300DDAA5E /* SnapshotHelper.swift in Sources */,
			);
			runOnlyForDeploymentPostprocessing = 0;
		};
/* End PBXSourcesBuildPhase section */

/* Begin PBXTargetDependency section */
		CA8683811BE004A9003E87A4 /* PBXTargetDependency */ = {
			isa = PBXTargetDependency;
			target = CA86836A1BE004A9003E87A4 /* Depressed? */;
			targetProxy = CA8683801BE004A9003E87A4 /* PBXContainerItemProxy */;
		};
		CAEE7DC51C07499000DDAA5E /* PBXTargetDependency */ = {
			isa = PBXTargetDependency;
			target = CA86836A1BE004A9003E87A4 /* Depressed? */;
			targetProxy = CAEE7DC41C07499000DDAA5E /* PBXContainerItemProxy */;
		};
/* End PBXTargetDependency section */

/* Begin PBXVariantGroup section */
		CA4423EB1BF3F15400606895 /* InfoPlist.strings */ = {
			isa = PBXVariantGroup;
			children = (
				CA4423FE1BF3F33F00606895 /* de */,
				CA4423EA1BF3F15400606895 /* en */,
			);
			name = InfoPlist.strings;
			path = .;
			sourceTree = "<group>";
		};
		CA4423F01BF3F15500606895 /* InfoPlist.strings */ = {
			isa = PBXVariantGroup;
			children = (
				CA4423EF1BF3F15500606895 /* en */,
			);
			name = InfoPlist.strings;
			path = .;
			sourceTree = "<group>";
		};
		CA4423F51BF3F15600606895 /* Localizable.strings */ = {
			isa = PBXVariantGroup;
			children = (
				CA4423F81BF3F22F00606895 /* Base */,
				CA4423FD1BF3F33F00606895 /* de */,
				CA4423FB1BF3F2C400606895 /* en */,
			);
			name = Localizable.strings;
			path = .;
			sourceTree = "<group>";
		};
		CA8683721BE004A9003E87A4 /* Main.storyboard */ = {
			isa = PBXVariantGroup;
			children = (
				CA8683731BE004A9003E87A4 /* Base */,
				CA4423FC1BF3F33F00606895 /* de */,
				CA4423FA1BF3F2B500606895 /* en */,
			);
			name = Main.storyboard;
			path = .;
			sourceTree = "<group>";
		};
		CA8683771BE004A9003E87A4 /* LaunchScreen.storyboard */ = {
			isa = PBXVariantGroup;
			children = (
				CA8683781BE004A9003E87A4 /* Base */,
				CA4423F61BF3F15600606895 /* en */,
			);
			name = LaunchScreen.storyboard;
			path = .;
			sourceTree = "<group>";
		};
/* End PBXVariantGroup section */

/* Begin XCBuildConfiguration section */
		CA8683861BE004A9003E87A4 /* Debug */ = {
			isa = XCBuildConfiguration;
			buildSettings = {
				ALWAYS_SEARCH_USER_PATHS = NO;
				CLANG_CXX_LANGUAGE_STANDARD = "gnu++0x";
				CLANG_CXX_LIBRARY = "libc++";
				CLANG_ENABLE_MODULES = YES;
				CLANG_ENABLE_OBJC_ARC = YES;
				CLANG_WARN_BOOL_CONVERSION = YES;
				CLANG_WARN_CONSTANT_CONVERSION = YES;
				CLANG_WARN_DIRECT_OBJC_ISA_USAGE = YES_ERROR;
				CLANG_WARN_EMPTY_BODY = YES;
				CLANG_WARN_ENUM_CONVERSION = YES;
				CLANG_WARN_INT_CONVERSION = YES;
				CLANG_WARN_OBJC_ROOT_CLASS = YES_ERROR;
				CLANG_WARN_UNREACHABLE_CODE = YES;
				CLANG_WARN__DUPLICATE_METHOD_MATCH = YES;
				"CODE_SIGN_IDENTITY[sdk=iphoneos*]" = "iPhone Developer";
				COPY_PHASE_STRIP = NO;
				DEBUG_INFORMATION_FORMAT = dwarf;
				ENABLE_STRICT_OBJC_MSGSEND = YES;
				ENABLE_TESTABILITY = YES;
				GCC_C_LANGUAGE_STANDARD = gnu99;
				GCC_DYNAMIC_NO_PIC = NO;
				GCC_NO_COMMON_BLOCKS = YES;
				GCC_OPTIMIZATION_LEVEL = 0;
				GCC_PREPROCESSOR_DEFINITIONS = (
					"DEBUG=1",
					"$(inherited)",
				);
				GCC_WARN_64_TO_32_BIT_CONVERSION = YES;
				GCC_WARN_ABOUT_RETURN_TYPE = YES_ERROR;
				GCC_WARN_UNDECLARED_SELECTOR = YES;
				GCC_WARN_UNINITIALIZED_AUTOS = YES_AGGRESSIVE;
				GCC_WARN_UNUSED_FUNCTION = YES;
				GCC_WARN_UNUSED_VARIABLE = YES;
				IPHONEOS_DEPLOYMENT_TARGET = 9.1;
				MTL_ENABLE_DEBUG_INFO = YES;
				ONLY_ACTIVE_ARCH = YES;
				SDKROOT = iphoneos;
				SWIFT_OPTIMIZATION_LEVEL = "-Onone";
			};
			name = Debug;
		};
		CA8683871BE004A9003E87A4 /* Release */ = {
			isa = XCBuildConfiguration;
			buildSettings = {
				ALWAYS_SEARCH_USER_PATHS = NO;
				CLANG_CXX_LANGUAGE_STANDARD = "gnu++0x";
				CLANG_CXX_LIBRARY = "libc++";
				CLANG_ENABLE_MODULES = YES;
				CLANG_ENABLE_OBJC_ARC = YES;
				CLANG_WARN_BOOL_CONVERSION = YES;
				CLANG_WARN_CONSTANT_CONVERSION = YES;
				CLANG_WARN_DIRECT_OBJC_ISA_USAGE = YES_ERROR;
				CLANG_WARN_EMPTY_BODY = YES;
				CLANG_WARN_ENUM_CONVERSION = YES;
				CLANG_WARN_INT_CONVERSION = YES;
				CLANG_WARN_OBJC_ROOT_CLASS = YES_ERROR;
				CLANG_WARN_UNREACHABLE_CODE = YES;
				CLANG_WARN__DUPLICATE_METHOD_MATCH = YES;
				"CODE_SIGN_IDENTITY[sdk=iphoneos*]" = "iPhone Developer";
				COPY_PHASE_STRIP = NO;
				DEBUG_INFORMATION_FORMAT = "dwarf-with-dsym";
				ENABLE_NS_ASSERTIONS = NO;
				ENABLE_STRICT_OBJC_MSGSEND = YES;
				GCC_C_LANGUAGE_STANDARD = gnu99;
				GCC_NO_COMMON_BLOCKS = YES;
				GCC_WARN_64_TO_32_BIT_CONVERSION = YES;
				GCC_WARN_ABOUT_RETURN_TYPE = YES_ERROR;
				GCC_WARN_UNDECLARED_SELECTOR = YES;
				GCC_WARN_UNINITIALIZED_AUTOS = YES_AGGRESSIVE;
				GCC_WARN_UNUSED_FUNCTION = YES;
				GCC_WARN_UNUSED_VARIABLE = YES;
				IPHONEOS_DEPLOYMENT_TARGET = 9.1;
				MTL_ENABLE_DEBUG_INFO = NO;
				SDKROOT = iphoneos;
				VALIDATE_PRODUCT = YES;
			};
			name = Release;
		};
		CA8683891BE004A9003E87A4 /* Debug */ = {
			isa = XCBuildConfiguration;
			baseConfigurationReference = 4187A7979C812DB0D85D3B0C /* Pods-Depressed?.debug.xcconfig */;
			buildSettings = {
				ASSETCATALOG_COMPILER_APPICON_NAME = "AppIcon$(BUNDLE_ID_SUFFIX)";
				BUNDLE_ID_SUFFIX = .debug;
				DEFINES_MODULE = YES;
				INFOPLIST_FILE = "Depressed?/Supporting Files/Info.plist";
				IPHONEOS_DEPLOYMENT_TARGET = 8.0;
				LD_RUNPATH_SEARCH_PATHS = "$(inherited) @executable_path/Frameworks";
				PRODUCT_BUNDLE_IDENTIFIER = "de.christian-lobach.Depressed";
				PRODUCT_MODULE_NAME = Depressed;
				PRODUCT_NAME = Depressed;
				TARGETED_DEVICE_FAMILY = "1,2";
			};
			name = Debug;
		};
		CA86838A1BE004A9003E87A4 /* Release */ = {
			isa = XCBuildConfiguration;
			baseConfigurationReference = 5E4B495E381A8720D960C166 /* Pods-Depressed?.release.xcconfig */;
			buildSettings = {
				ASSETCATALOG_COMPILER_APPICON_NAME = "AppIcon$(BUNDLE_ID_SUFFIX)";
				BUNDLE_ID_SUFFIX = "";
				DEFINES_MODULE = YES;
				INFOPLIST_FILE = "Depressed?/Supporting Files/Info.plist";
				IPHONEOS_DEPLOYMENT_TARGET = 8.0;
				LD_RUNPATH_SEARCH_PATHS = "$(inherited) @executable_path/Frameworks";
				PRODUCT_BUNDLE_IDENTIFIER = "de.christian-lobach.Depressed";
				PRODUCT_MODULE_NAME = Depressed;
				PRODUCT_NAME = Depressed;
				PROVISIONING_PROFILE = "1e69a8bf-b6ae-4439-a494-b2d2748b0f4a";
				TARGETED_DEVICE_FAMILY = "1,2";
			};
			name = Release;
		};
		CA86838C1BE004A9003E87A4 /* Debug */ = {
			isa = XCBuildConfiguration;
			baseConfigurationReference = B98663B74B0061A52A046C3E /* Pods-Depressed?Tests.debug.xcconfig */;
			buildSettings = {
				BUNDLE_LOADER = "$(TEST_HOST)";
				CLANG_ENABLE_MODULES = YES;
				INFOPLIST_FILE = "Depressed?Tests/Supporting Files/Info.plist";
				LD_RUNPATH_SEARCH_PATHS = "$(inherited) @executable_path/Frameworks @loader_path/Frameworks";
				PRODUCT_BUNDLE_IDENTIFIER = "de.christian-lobach.Depressed-Tests";
				PRODUCT_NAME = "$(TARGET_NAME)";
				SWIFT_OBJC_BRIDGING_HEADER = "Depressed?Tests/Supporting Files/Depressed?Tests-Bridging-Header.h";
				SWIFT_OPTIMIZATION_LEVEL = "-Onone";
				TEST_HOST = "$(BUILT_PRODUCTS_DIR)/Depressed.app/Depressed";
			};
			name = Debug;
		};
		CA86838D1BE004A9003E87A4 /* Release */ = {
			isa = XCBuildConfiguration;
			baseConfigurationReference = BAE19AE988BA9994D72B4F2E /* Pods-Depressed?Tests.release.xcconfig */;
			buildSettings = {
				BUNDLE_LOADER = "$(TEST_HOST)";
				CLANG_ENABLE_MODULES = YES;
				INFOPLIST_FILE = "Depressed?Tests/Supporting Files/Info.plist";
				LD_RUNPATH_SEARCH_PATHS = "$(inherited) @executable_path/Frameworks @loader_path/Frameworks";
				PRODUCT_BUNDLE_IDENTIFIER = "de.christian-lobach.Depressed-Tests";
				PRODUCT_NAME = "$(TARGET_NAME)";
				SWIFT_OBJC_BRIDGING_HEADER = "Depressed?Tests/Supporting Files/Depressed?Tests-Bridging-Header.h";
				TEST_HOST = "$(BUILT_PRODUCTS_DIR)/Depressed.app/Depressed";
			};
			name = Release;
		};
		CAEE7DC71C07499000DDAA5E /* Debug */ = {
			isa = XCBuildConfiguration;
			buildSettings = {
				INFOPLIST_FILE = "Depressed?UITests/Info.plist";
				LD_RUNPATH_SEARCH_PATHS = "$(inherited) @executable_path/Frameworks @loader_path/Frameworks";
				PRODUCT_BUNDLE_IDENTIFIER = "de.christian-lobach.Depressed-UITests";
				PRODUCT_NAME = "$(TARGET_NAME)";
				TEST_TARGET_NAME = "Depressed?";
				USES_XCTRUNNER = YES;
			};
			name = Debug;
		};
		CAEE7DC81C07499000DDAA5E /* Release */ = {
			isa = XCBuildConfiguration;
			buildSettings = {
				INFOPLIST_FILE = "Depressed?UITests/Info.plist";
				LD_RUNPATH_SEARCH_PATHS = "$(inherited) @executable_path/Frameworks @loader_path/Frameworks";
				PRODUCT_BUNDLE_IDENTIFIER = "de.christian-lobach.Depressed-UITests";
				PRODUCT_NAME = "$(TARGET_NAME)";
				TEST_TARGET_NAME = "Depressed?";
				USES_XCTRUNNER = YES;
			};
			name = Release;
		};
/* End XCBuildConfiguration section */

/* Begin XCConfigurationList section */
		CA8683661BE004A8003E87A4 /* Build configuration list for PBXProject "Depressed?" */ = {
			isa = XCConfigurationList;
			buildConfigurations = (
				CA8683861BE004A9003E87A4 /* Debug */,
				CA8683871BE004A9003E87A4 /* Release */,
			);
			defaultConfigurationIsVisible = 0;
			defaultConfigurationName = Release;
		};
		CA8683881BE004A9003E87A4 /* Build configuration list for PBXNativeTarget "Depressed?" */ = {
			isa = XCConfigurationList;
			buildConfigurations = (
				CA8683891BE004A9003E87A4 /* Debug */,
				CA86838A1BE004A9003E87A4 /* Release */,
			);
			defaultConfigurationIsVisible = 0;
			defaultConfigurationName = Release;
		};
		CA86838B1BE004A9003E87A4 /* Build configuration list for PBXNativeTarget "Depressed?Tests" */ = {
			isa = XCConfigurationList;
			buildConfigurations = (
				CA86838C1BE004A9003E87A4 /* Debug */,
				CA86838D1BE004A9003E87A4 /* Release */,
			);
			defaultConfigurationIsVisible = 0;
			defaultConfigurationName = Release;
		};
		CAEE7DC61C07499000DDAA5E /* Build configuration list for PBXNativeTarget "Depressed?UITests" */ = {
			isa = XCConfigurationList;
			buildConfigurations = (
				CAEE7DC71C07499000DDAA5E /* Debug */,
				CAEE7DC81C07499000DDAA5E /* Release */,
			);
			defaultConfigurationIsVisible = 0;
			defaultConfigurationName = Release;
		};
/* End XCConfigurationList section */
	};
	rootObject = CA8683631BE004A8003E87A4 /* Project object */;
}
